
Microsoft Visual Studio Solution File, Format Version 12.00
# Visual Studio Version 17
VisualStudioVersion = 17.2.32630.192
MinimumVisualStudioVersion = 10.0.40219.1
Project("{9A19103F-16F7-4668-BE54-9A1E7A4F7556}") = "CQRSTemplate", "CQRSTemplate.csproj", "{0BF63A5A-BB35-4758-94DA-59536CAA74E0}"
EndProject
Global
	GlobalSection(SolutionConfigurationPlatforms) = preSolution
		Debug|Any CPU = Debug|Any CPU
		Release|Any CPU = Release|Any CPU
	EndGlobalSection
	GlobalSection(ProjectConfigurationPlatforms) = postSolution
		{0BF63A5A-BB35-4758-94DA-59536CAA74E0}.Debug|Any CPU.ActiveCfg = Debug|Any CPU
		{0BF63A5A-BB35-4758-94DA-59536CAA74E0}.Debug|Any CPU.Build.0 = Debug|Any CPU
		{0BF63A5A-BB35-4758-94DA-59536CAA74E0}.Release|Any CPU.ActiveCfg = Release|Any CPU
		{0BF63A5A-BB35-4758-94DA-59536CAA74E0}.Release|Any CPU.Build.0 = Release|Any CPU
	EndGlobalSection
	GlobalSection(SolutionProperties) = preSolution
		HideSolutionNode = FALSE
	EndGlobalSection
	GlobalSection(ExtensibilityGlobals) = postSolution
		SolutionGuid = {A37B57C5-F868-4E95-8BC0-EC5F2EE3C8F3}
	EndGlobalSection
EndGlobal
